
Microsoft Visual Studio Solution File, Format Version 12.00
# Visual Studio 15
VisualStudioVersion = 15.0.28307.102
MinimumVisualStudioVersion = 10.0.40219.1
Project("{FAE04EC0-301F-11D3-BF4B-00C04F79EFBC}") = "InfiniBot", "InfiniBot\InfiniBot.csproj", "{A938D713-51D7-44A3-A19A-FC9AF94D1294}"
EndProject
Global
	GlobalSection(SolutionConfigurationPlatforms) = preSolution
		Debug|Any CPU = Debug|Any CPU
		Release|Any CPU = Release|Any CPU
	EndGlobalSection
	GlobalSection(ProjectConfigurationPlatforms) = postSolution
		{A938D713-51D7-44A3-A19A-FC9AF94D1294}.Debug|Any CPU.ActiveCfg = Debug|Any CPU
		{A938D713-51D7-44A3-A19A-FC9AF94D1294}.Debug|Any CPU.Build.0 = Debug|Any CPU
		{A938D713-51D7-44A3-A19A-FC9AF94D1294}.Release|Any CPU.ActiveCfg = Release|Any CPU
		{A938D713-51D7-44A3-A19A-FC9AF94D1294}.Release|Any CPU.Build.0 = Release|Any CPU
	EndGlobalSection
	GlobalSection(SolutionProperties) = preSolution
		HideSolutionNode = FALSE
	EndGlobalSection
	GlobalSection(ExtensibilityGlobals) = postSolution
		SolutionGuid = {8F539B3C-76B9-458D-9DD3-258F08FB5F75}
	EndGlobalSection
EndGlobal
